
Microsoft Visual Studio Solution File, Format Version 12.00
# Visual Studio Version 17
VisualStudioVersion = 17.14.36414.22 d17.14
MinimumVisualStudioVersion = 10.0.40219.1
Project("{FAE04EC0-301F-11D3-BF4B-00C04F79EFBC}") = "Laba6", "Laba6.csproj", "{676DCF4E-DDE1-4E46-AB91-68D117F495AD}"
EndProject
Global
	GlobalSection(SolutionConfigurationPlatforms) = preSolution
		Debug|Any CPU = Debug|Any CPU
		Release|Any CPU = Release|Any CPU
	EndGlobalSection
	GlobalSection(ProjectConfigurationPlatforms) = postSolution
		{676DCF4E-DDE1-4E46-AB91-68D117F495AD}.Debug|Any CPU.ActiveCfg = Debug|Any CPU
		{676DCF4E-DDE1-4E46-AB91-68D117F495AD}.Debug|Any CPU.Build.0 = Debug|Any CPU
		{676DCF4E-DDE1-4E46-AB91-68D117F495AD}.Release|Any CPU.ActiveCfg = Release|Any CPU
		{676DCF4E-DDE1-4E46-AB91-68D117F495AD}.Release|Any CPU.Build.0 = Release|Any CPU
	EndGlobalSection
	GlobalSection(SolutionProperties) = preSolution
		HideSolutionNode = FALSE
	EndGlobalSection
	GlobalSection(ExtensibilityGlobals) = postSolution
		SolutionGuid = {C92F1C05-E61E-443D-A9F5-A70CED8B4BB9}
	EndGlobalSection
EndGlobal
